
Microsoft Visual Studio Solution File, Format Version 12.00
# Visual Studio Version 17
VisualStudioVersion = 17.1.32328.378
MinimumVisualStudioVersion = 10.0.40219.1
Project("{2150E333-8FDC-42A3-9474-1A3956D46DE8}") = "src", "src", "{5960BE70-117E-4406-BCD4-AA86DD407F89}"
EndProject
Project("{9A19103F-16F7-4668-BE54-9A1E7A4F7556}") = "Domain", "src\Domain\Domain.csproj", "{B45BEC43-788D-4D04-AF2F-F967A8CED31E}"
EndProject
Project("{9A19103F-16F7-4668-BE54-9A1E7A4F7556}") = "Common", "src\Common\Common.csproj", "{E539A188-DD91-4167-9479-28D6D4FEFDF0}"
EndProject
Project("{9A19103F-16F7-4668-BE54-9A1E7A4F7556}") = "Application", "src\Application\Application.csproj", "{08CA6F14-C655-495E-87F3-13D31C54A0BC}"
EndProject
Project("{9A19103F-16F7-4668-BE54-9A1E7A4F7556}") = "Persistence", "src\Persistence\Persistence.csproj", "{B824014C-5C0D-4BE8-9671-2CF18942DF7E}"
EndProject
Project("{9A19103F-16F7-4668-BE54-9A1E7A4F7556}") = "Infrastructure", "src\Infrastructure\Infrastructure.csproj", "{D4D6FECB-556F-4D18-9C21-3B627302EAA0}"
EndProject
Project("{9A19103F-16F7-4668-BE54-9A1E7A4F7556}") = "WebApi", "src\WebApi\WebApi.csproj", "{4D8FBD57-F479-44FE-8070-43090382F4C8}"
EndProject
Global
	GlobalSection(SolutionConfigurationPlatforms) = preSolution
		Debug|Any CPU = Debug|Any CPU
		Debug|x64 = Debug|x64
		Debug|x86 = Debug|x86
		Release|Any CPU = Release|Any CPU
		Release|x64 = Release|x64
		Release|x86 = Release|x86
	EndGlobalSection
	GlobalSection(ProjectConfigurationPlatforms) = postSolution
		{B45BEC43-788D-4D04-AF2F-F967A8CED31E}.Debug|Any CPU.ActiveCfg = Debug|Any CPU
		{B45BEC43-788D-4D04-AF2F-F967A8CED31E}.Debug|Any CPU.Build.0 = Debug|Any CPU
		{B45BEC43-788D-4D04-AF2F-F967A8CED31E}.Debug|x64.ActiveCfg = Debug|Any CPU
		{B45BEC43-788D-4D04-AF2F-F967A8CED31E}.Debug|x64.Build.0 = Debug|Any CPU
		{B45BEC43-788D-4D04-AF2F-F967A8CED31E}.Debug|x86.ActiveCfg = Debug|Any CPU
		{B45BEC43-788D-4D04-AF2F-F967A8CED31E}.Debug|x86.Build.0 = Debug|Any CPU
		{B45BEC43-788D-4D04-AF2F-F967A8CED31E}.Release|Any CPU.ActiveCfg = Release|Any CPU
		{B45BEC43-788D-4D04-AF2F-F967A8CED31E}.Release|Any CPU.Build.0 = Release|Any CPU
		{B45BEC43-788D-4D04-AF2F-F967A8CED31E}.Release|x64.ActiveCfg = Release|Any CPU
		{B45BEC43-788D-4D04-AF2F-F967A8CED31E}.Release|x64.Build.0 = Release|Any CPU
		{B45BEC43-788D-4D04-AF2F-F967A8CED31E}.Release|x86.ActiveCfg = Release|Any CPU
		{B45BEC43-788D-4D04-AF2F-F967A8CED31E}.Release|x86.Build.0 = Release|Any CPU
		{E539A188-DD91-4167-9479-28D6D4FEFDF0}.Debug|Any CPU.ActiveCfg = Debug|Any CPU
		{E539A188-DD91-4167-9479-28D6D4FEFDF0}.Debug|Any CPU.Build.0 = Debug|Any CPU
		{E539A188-DD91-4167-9479-28D6D4FEFDF0}.Debug|x64.ActiveCfg = Debug|Any CPU
		{E539A188-DD91-4167-9479-28D6D4FEFDF0}.Debug|x64.Build.0 = Debug|Any CPU
		{E539A188-DD91-4167-9479-28D6D4FEFDF0}.Debug|x86.ActiveCfg = Debug|Any CPU
		{E539A188-DD91-4167-9479-28D6D4FEFDF0}.Debug|x86.Build.0 = Debug|Any CPU
		{E539A188-DD91-4167-9479-28D6D4FEFDF0}.Release|Any CPU.ActiveCfg = Release|Any CPU
		{E539A188-DD91-4167-9479-28D6D4FEFDF0}.Release|Any CPU.Build.0 = Release|Any CPU
		{E539A188-DD91-4167-9479-28D6D4FEFDF0}.Release|x64.ActiveCfg = Release|Any CPU
		{E539A188-DD91-4167-9479-28D6D4FEFDF0}.Release|x64.Build.0 = Release|Any CPU
		{E539A188-DD91-4167-9479-28D6D4FEFDF0}.Release|x86.ActiveCfg = Release|Any CPU
		{E539A188-DD91-4167-9479-28D6D4FEFDF0}.Release|x86.Build.0 = Release|Any CPU
		{08CA6F14-C655-495E-87F3-13D31C54A0BC}.Debug|Any CPU.ActiveCfg = Debug|Any CPU
		{08CA6F14-C655-495E-87F3-13D31C54A0BC}.Debug|Any CPU.Build.0 = Debug|Any CPU
		{08CA6F14-C655-495E-87F3-13D31C54A0BC}.Debug|x64.ActiveCfg = Debug|Any CPU
		{08CA6F14-C655-495E-87F3-13D31C54A0BC}.Debug|x64.Build.0 = Debug|Any CPU
		{08CA6F14-C655-495E-87F3-13D31C54A0BC}.Debug|x86.ActiveCfg = Debug|Any CPU
		{08CA6F14-C655-495E-87F3-13D31C54A0BC}.Debug|x86.Build.0 = Debug|Any CPU
		{08CA6F14-C655-495E-87F3-13D31C54A0BC}.Release|Any CPU.ActiveCfg = Release|Any CPU
		{08CA6F14-C655-495E-87F3-13D31C54A0BC}.Release|Any CPU.Build.0 = Release|Any CPU
		{08CA6F14-C655-495E-87F3-13D31C54A0BC}.Release|x64.ActiveCfg = Release|Any CPU
		{08CA6F14-C655-495E-87F3-13D31C54A0BC}.Release|x64.Build.0 = Release|Any CPU
		{08CA6F14-C655-495E-87F3-13D31C54A0BC}.Release|x86.ActiveCfg = Release|Any CPU
		{08CA6F14-C655-495E-87F3-13D31C54A0BC}.Release|x86.Build.0 = Release|Any CPU
		{B824014C-5C0D-4BE8-9671-2CF18942DF7E}.Debug|Any CPU.ActiveCfg = Debug|Any CPU
		{B824014C-5C0D-4BE8-9671-2CF18942DF7E}.Debug|Any CPU.Build.0 = Debug|Any CPU
		{B824014C-5C0D-4BE8-9671-2CF18942DF7E}.Debug|x64.ActiveCfg = Debug|Any CPU
		{B824014C-5C0D-4BE8-9671-2CF18942DF7E}.Debug|x64.Build.0 = Debug|Any CPU
		{B824014C-5C0D-4BE8-9671-2CF18942DF7E}.Debug|x86.ActiveCfg = Debug|Any CPU
		{B824014C-5C0D-4BE8-9671-2CF18942DF7E}.Debug|x86.Build.0 = Debug|Any CPU
		{B824014C-5C0D-4BE8-9671-2CF18942DF7E}.Release|Any CPU.ActiveCfg = Release|Any CPU
		{B824014C-5C0D-4BE8-9671-2CF18942DF7E}.Release|Any CPU.Build.0 = Release|Any CPU
		{B824014C-5C0D-4BE8-9671-2CF18942DF7E}.Release|x64.ActiveCfg = Release|Any CPU
		{B824014C-5C0D-4BE8-9671-2CF18942DF7E}.Release|x64.Build.0 = Release|Any CPU
		{B824014C-5C0D-4BE8-9671-2CF18942DF7E}.Release|x86.ActiveCfg = Release|Any CPU
		{B824014C-5C0D-4BE8-9671-2CF18942DF7E}.Release|x86.Build.0 = Release|Any CPU
		{D4D6FECB-556F-4D18-9C21-3B627302EAA0}.Debug|Any CPU.ActiveCfg = Debug|Any CPU
		{D4D6FECB-556F-4D18-9C21-3B627302EAA0}.Debug|Any CPU.Build.0 = Debug|Any CPU
		{D4D6FECB-556F-4D18-9C21-3B627302EAA0}.Debug|x64.ActiveCfg = Debug|Any CPU
		{D4D6FECB-556F-4D18-9C21-3B627302EAA0}.Debug|x64.Build.0 = Debug|Any CPU
		{D4D6FECB-556F-4D18-9C21-3B627302EAA0}.Debug|x86.ActiveCfg = Debug|Any CPU
		{D4D6FECB-556F-4D18-9C21-3B627302EAA0}.Debug|x86.Build.0 = Debug|Any CPU
		{D4D6FECB-556F-4D18-9C21-3B627302EAA0}.Release|Any CPU.ActiveCfg = Release|Any CPU
		{D4D6FECB-556F-4D18-9C21-3B627302EAA0}.Release|Any CPU.Build.0 = Release|Any CPU
		{D4D6FECB-556F-4D18-9C21-3B627302EAA0}.Release|x64.ActiveCfg = Release|Any CPU
		{D4D6FECB-556F-4D18-9C21-3B627302EAA0}.Release|x64.Build.0 = Release|Any CPU
		{D4D6FECB-556F-4D18-9C21-3B627302EAA0}.Release|x86.ActiveCfg = Release|Any CPU
		{D4D6FECB-556F-4D18-9C21-3B627302EAA0}.Release|x86.Build.0 = Release|Any CPU
		{4D8FBD57-F479-44FE-8070-43090382F4C8}.Debug|Any CPU.ActiveCfg = Debug|Any CPU
		{4D8FBD57-F479-44FE-8070-43090382F4C8}.Debug|Any CPU.Build.0 = Debug|Any CPU
		{4D8FBD57-F479-44FE-8070-43090382F4C8}.Debug|x64.ActiveCfg = Debug|Any CPU
		{4D8FBD57-F479-44FE-8070-43090382F4C8}.Debug|x64.Build.0 = Debug|Any CPU
		{4D8FBD57-F479-44FE-8070-43090382F4C8}.Debug|x86.ActiveCfg = Debug|Any CPU
		{4D8FBD57-F479-44FE-8070-43090382F4C8}.Debug|x86.Build.0 = Debug|Any CPU
		{4D8FBD57-F479-44FE-8070-43090382F4C8}.Release|Any CPU.ActiveCfg = Release|Any CPU
		{4D8FBD57-F479-44FE-8070-43090382F4C8}.Release|Any CPU.Build.0 = Release|Any CPU
		{4D8FBD57-F479-44FE-8070-43090382F4C8}.Release|x64.ActiveCfg = Release|Any CPU
		{4D8FBD57-F479-44FE-8070-43090382F4C8}.Release|x64.Build.0 = Release|Any CPU
		{4D8FBD57-F479-44FE-8070-43090382F4C8}.Release|x86.ActiveCfg = Release|Any CPU
		{4D8FBD57-F479-44FE-8070-43090382F4C8}.Release|x86.Build.0 = Release|Any CPU
	EndGlobalSection
	GlobalSection(SolutionProperties) = preSolution
		HideSolutionNode = FALSE
	EndGlobalSection
	GlobalSection(NestedProjects) = preSolution
		{B45BEC43-788D-4D04-AF2F-F967A8CED31E} = {5960BE70-117E-4406-BCD4-AA86DD407F89}
		{E539A188-DD91-4167-9479-28D6D4FEFDF0} = {5960BE70-117E-4406-BCD4-AA86DD407F89}
		{08CA6F14-C655-495E-87F3-13D31C54A0BC} = {5960BE70-117E-4406-BCD4-AA86DD407F89}
		{B824014C-5C0D-4BE8-9671-2CF18942DF7E} = {5960BE70-117E-4406-BCD4-AA86DD407F89}
		{D4D6FECB-556F-4D18-9C21-3B627302EAA0} = {5960BE70-117E-4406-BCD4-AA86DD407F89}
		{4D8FBD57-F479-44FE-8070-43090382F4C8} = {5960BE70-117E-4406-BCD4-AA86DD407F89}
	EndGlobalSection
	GlobalSection(ExtensibilityGlobals) = postSolution
		SolutionGuid = {07DE2331-0377-4146-8033-762AC9579C8C}
	EndGlobalSection
EndGlobal
